<?xml version="1.0" encoding="utf-8"?>
<Project ToolsVersion="4.0" xmlns="http://schemas.microsoft.com/developer/msbuild/2003">
  <ItemGroup>
    <Filter Include="Файлы исходного кода">
      <UniqueIdentifier>{4FC737F1-C7A5-4376-A066-2A32D752A2FF}</UniqueIdentifier>
      <Extensions>cpp;c;cc;cxx;def;odl;idl;hpj;bat;asm;asmx</Extensions>
    </Filter>
    <Filter Include="Файлы ресурсов">
      <UniqueIdentifier>{67DA6AB6-F800-4c08-8B7A-83BB121AAD01}</UniqueIdentifier>
      <Extensions>rc;ico;cur;bmp;dlg;rc2;rct;bin;rgs;gif;jpg;jpeg;jpe;resx;tiff;tif;png;wav;mfcribbon-ms</Extensions>
    </Filter>
    <Filter Include="Об%27єкти">
      <UniqueIdentifier>{824dd834-8cf7-421d-a449-d5c64712d86f}</UniqueIdentifier>
    </Filter>
    <Filter Include="Інтерфейси">
      <UniqueIdentifier>{1da44aa9-6190-4ea6-8eea-efff4162827d}</UniqueIdentifier>
    </Filter>
    <Filter Include="Ядро">
      <UniqueIdentifier>{93995380-89BD-4b04-88EB-625FBE52EBFB}</UniqueIdentifier>
      <Extensions>h;hh;hpp;hxx;hm;inl;inc;xsd</Extensions>
    </Filter>
  </ItemGroup>
  <ItemGroup>
    <ClCompile Include="main.cpp">
      <Filter>Файлы исходного кода</Filter>
    </ClCompile>
  </ItemGroup>
  <ItemGroup>
    <ClInclude Include="window.hpp">
      <Filter>Ядро</Filter>
    </ClInclude>
    <ClInclude Include="resource.h">
      <Filter>Ядро</Filter>
    </ClInclude>
    <ClInclude Include="types.hpp">
      <Filter>Ядро</Filter>
    </ClInclude>
    <ClInclude Include="additional.hpp">
      <Filter>Ядро</Filter>
    </ClInclude>
    <ClInclude Include="render.hpp">
      <Filter>Ядро</Filter>
    </ClInclude>
    <ClInclude Include="light.hpp">
      <Filter>Ядро</Filter>
    </ClInclude>
    <ClInclude Include="matrix.hpp">
      <Filter>Ядро</Filter>
    </ClInclude>
    <ClInclude Include="map.hpp">
      <Filter>Ядро</Filter>
    </ClInclude>
    <ClInclude Include="objects.hpp">
      <Filter>Об%27єкти</Filter>
    </ClInclude>
    <ClInclude Include="mesh.hpp">
      <Filter>Об%27єкти</Filter>
    </ClInclude>
    <ClInclude Include="circle.hpp">
      <Filter>Об%27єкти</Filter>
    </ClInclude>
    <ClInclude Include="animation.hpp">
      <Filter>Об%27єкти</Filter>
    </ClInclude>
    <ClInclude Include="man.hpp">
      <Filter>Об%27єкти</Filter>
    </ClInclude>
    <ClInclude Include="drawobjectinterface.h">
      <Filter>Інтерфейси</Filter>
    </ClInclude>
    <ClInclude Include="objectinterface.h">
      <Filter>Інтерфейси</Filter>
    </ClInclude>
    <ClInclude Include="object.hpp">
      <Filter>Об%27єкти</Filter>
    </ClInclude>
    <ClInclude Include="XXXrectangle.hpp">
      <Filter>Об%27єкти</Filter>
    </ClInclude>
  </ItemGroup>
  <ItemGroup>
    <ResourceCompile Include="DirectX.rc">
      <Filter>Файлы ресурсов</Filter>
    </ResourceCompile>
  </ItemGroup>
  <ItemGroup>
    <Image Include="icon1.ico">
      <Filter>Файлы ресурсов</Filter>
    </Image>
  </ItemGroup>
  <ItemGroup>
    <FxCompile Include="Sheider.fx">
      <Filter>Файлы ресурсов</Filter>
    </FxCompile>
  </ItemGroup>
  <ItemGroup>
    <None Include="ClassDiagram.cd" />
    <None Include="ClassDiagram1.cd" />
  </ItemGroup>
</Project>